
Microsoft Visual Studio Solution File, Format Version 12.00
# Visual Studio Version 16
VisualStudioVersion = 16.0.29519.181
MinimumVisualStudioVersion = 10.0.40219.1
Project("{FAE04EC0-301F-11D3-BF4B-00C04F79EFBC}") = "01Task", "01Task\01Task.csproj", "{D219FECB-1754-4FF1-B24C-9CB252CBE7B0}"
EndProject
Project("{FAE04EC0-301F-11D3-BF4B-00C04F79EFBC}") = "02Task", "02Task\02Task.csproj", "{5BFABD8E-BF68-4CF4-8B3F-6137569FA231}"
EndProject
Project("{FAE04EC0-301F-11D3-BF4B-00C04F79EFBC}") = "03Task", "03Task\03Task.csproj", "{96BB8B84-726B-4EBD-9870-DADE8B5CDB10}"
EndProject
Project("{FAE04EC0-301F-11D3-BF4B-00C04F79EFBC}") = "04Task", "04Task\04Task.csproj", "{722781C2-198E-4300-8331-166B8AB82E1B}"
EndProject
Project("{FAE04EC0-301F-11D3-BF4B-00C04F79EFBC}") = "05Task", "05Task\05Task.csproj", "{57A0046D-0E69-44A9-9702-4939092E7D62}"
EndProject
Project("{FAE04EC0-301F-11D3-BF4B-00C04F79EFBC}") = "06Task", "06Task\06Task.csproj", "{A89D2DA5-01A0-4C7C-A85A-E0777197E5AD}"
EndProject
Project("{FAE04EC0-301F-11D3-BF4B-00C04F79EFBC}") = "07Task", "07Task\07Task.csproj", "{88C37A77-8DF3-4120-8B74-EA5933A89CFA}"
EndProject
Project("{FAE04EC0-301F-11D3-BF4B-00C04F79EFBC}") = "08Task", "08Task\08Task.csproj", "{0101AF39-AC1B-4038-88FC-DB6E42A04587}"
EndProject
Project("{FAE04EC0-301F-11D3-BF4B-00C04F79EFBC}") = "primeNumbers", "primeNumbers\primeNumbers.csproj", "{78C68E59-8335-44E8-BF4A-D6A40860E6DB}"
EndProject
Project("{9A19103F-16F7-4668-BE54-9A1E7A4F7556}") = "Factorial", "Factorial\Factorial.csproj", "{588FD7C7-E805-4D8D-A5E0-01EBD85E42C5}"
EndProject
Project("{FAE04EC0-301F-11D3-BF4B-00C04F79EFBC}") = "EvenNumbers", "EvenNumbers\EvenNumbers.csproj", "{70ADCC62-F404-4A07-A08A-E8166CFDE21C}"
EndProject
Global
	GlobalSection(SolutionConfigurationPlatforms) = preSolution
		Debug|Any CPU = Debug|Any CPU
		Release|Any CPU = Release|Any CPU
	EndGlobalSection
	GlobalSection(ProjectConfigurationPlatforms) = postSolution
		{D219FECB-1754-4FF1-B24C-9CB252CBE7B0}.Debug|Any CPU.ActiveCfg = Debug|Any CPU
		{D219FECB-1754-4FF1-B24C-9CB252CBE7B0}.Debug|Any CPU.Build.0 = Debug|Any CPU
		{D219FECB-1754-4FF1-B24C-9CB252CBE7B0}.Release|Any CPU.ActiveCfg = Release|Any CPU
		{D219FECB-1754-4FF1-B24C-9CB252CBE7B0}.Release|Any CPU.Build.0 = Release|Any CPU
		{5BFABD8E-BF68-4CF4-8B3F-6137569FA231}.Debug|Any CPU.ActiveCfg = Debug|Any CPU
		{5BFABD8E-BF68-4CF4-8B3F-6137569FA231}.Debug|Any CPU.Build.0 = Debug|Any CPU
		{5BFABD8E-BF68-4CF4-8B3F-6137569FA231}.Release|Any CPU.ActiveCfg = Release|Any CPU
		{5BFABD8E-BF68-4CF4-8B3F-6137569FA231}.Release|Any CPU.Build.0 = Release|Any CPU
		{96BB8B84-726B-4EBD-9870-DADE8B5CDB10}.Debug|Any CPU.ActiveCfg = Debug|Any CPU
		{96BB8B84-726B-4EBD-9870-DADE8B5CDB10}.Debug|Any CPU.Build.0 = Debug|Any CPU
		{96BB8B84-726B-4EBD-9870-DADE8B5CDB10}.Release|Any CPU.ActiveCfg = Release|Any CPU
		{96BB8B84-726B-4EBD-9870-DADE8B5CDB10}.Release|Any CPU.Build.0 = Release|Any CPU
		{722781C2-198E-4300-8331-166B8AB82E1B}.Debug|Any CPU.ActiveCfg = Debug|Any CPU
		{722781C2-198E-4300-8331-166B8AB82E1B}.Debug|Any CPU.Build.0 = Debug|Any CPU
		{722781C2-198E-4300-8331-166B8AB82E1B}.Release|Any CPU.ActiveCfg = Release|Any CPU
		{722781C2-198E-4300-8331-166B8AB82E1B}.Release|Any CPU.Build.0 = Release|Any CPU
		{57A0046D-0E69-44A9-9702-4939092E7D62}.Debug|Any CPU.ActiveCfg = Debug|Any CPU
		{57A0046D-0E69-44A9-9702-4939092E7D62}.Debug|Any CPU.Build.0 = Debug|Any CPU
		{57A0046D-0E69-44A9-9702-4939092E7D62}.Release|Any CPU.ActiveCfg = Release|Any CPU
		{57A0046D-0E69-44A9-9702-4939092E7D62}.Release|Any CPU.Build.0 = Release|Any CPU
		{A89D2DA5-01A0-4C7C-A85A-E0777197E5AD}.Debug|Any CPU.ActiveCfg = Debug|Any CPU
		{A89D2DA5-01A0-4C7C-A85A-E0777197E5AD}.Debug|Any CPU.Build.0 = Debug|Any CPU
		{A89D2DA5-01A0-4C7C-A85A-E0777197E5AD}.Release|Any CPU.ActiveCfg = Release|Any CPU
		{A89D2DA5-01A0-4C7C-A85A-E0777197E5AD}.Release|Any CPU.Build.0 = Release|Any CPU
		{88C37A77-8DF3-4120-8B74-EA5933A89CFA}.Debug|Any CPU.ActiveCfg = Debug|Any CPU
		{88C37A77-8DF3-4120-8B74-EA5933A89CFA}.Debug|Any CPU.Build.0 = Debug|Any CPU
		{88C37A77-8DF3-4120-8B74-EA5933A89CFA}.Release|Any CPU.ActiveCfg = Release|Any CPU
		{88C37A77-8DF3-4120-8B74-EA5933A89CFA}.Release|Any CPU.Build.0 = Release|Any CPU
		{0101AF39-AC1B-4038-88FC-DB6E42A04587}.Debug|Any CPU.ActiveCfg = Debug|Any CPU
		{0101AF39-AC1B-4038-88FC-DB6E42A04587}.Debug|Any CPU.Build.0 = Debug|Any CPU
		{0101AF39-AC1B-4038-88FC-DB6E42A04587}.Release|Any CPU.ActiveCfg = Release|Any CPU
		{0101AF39-AC1B-4038-88FC-DB6E42A04587}.Release|Any CPU.Build.0 = Release|Any CPU
		{78C68E59-8335-44E8-BF4A-D6A40860E6DB}.Debug|Any CPU.ActiveCfg = Debug|Any CPU
		{78C68E59-8335-44E8-BF4A-D6A40860E6DB}.Debug|Any CPU.Build.0 = Debug|Any CPU
		{78C68E59-8335-44E8-BF4A-D6A40860E6DB}.Release|Any CPU.ActiveCfg = Release|Any CPU
		{78C68E59-8335-44E8-BF4A-D6A40860E6DB}.Release|Any CPU.Build.0 = Release|Any CPU
		{588FD7C7-E805-4D8D-A5E0-01EBD85E42C5}.Debug|Any CPU.ActiveCfg = Debug|Any CPU
		{588FD7C7-E805-4D8D-A5E0-01EBD85E42C5}.Debug|Any CPU.Build.0 = Debug|Any CPU
		{588FD7C7-E805-4D8D-A5E0-01EBD85E42C5}.Release|Any CPU.ActiveCfg = Release|Any CPU
		{588FD7C7-E805-4D8D-A5E0-01EBD85E42C5}.Release|Any CPU.Build.0 = Release|Any CPU
		{70ADCC62-F404-4A07-A08A-E8166CFDE21C}.Debug|Any CPU.ActiveCfg = Debug|Any CPU
		{70ADCC62-F404-4A07-A08A-E8166CFDE21C}.Debug|Any CPU.Build.0 = Debug|Any CPU
		{70ADCC62-F404-4A07-A08A-E8166CFDE21C}.Release|Any CPU.ActiveCfg = Release|Any CPU
		{70ADCC62-F404-4A07-A08A-E8166CFDE21C}.Release|Any CPU.Build.0 = Release|Any CPU
	EndGlobalSection
	GlobalSection(SolutionProperties) = preSolution
		HideSolutionNode = FALSE
	EndGlobalSection
	GlobalSection(ExtensibilityGlobals) = postSolution
		SolutionGuid = {0BE077B1-014B-4AB0-A4C8-52590E4CADFA}
	EndGlobalSection
EndGlobal
